
Microsoft Visual Studio Solution File, Format Version 12.00
# Visual Studio 15
VisualStudioVersion = 15.0.27130.2036
MinimumVisualStudioVersion = 10.0.40219.1
Project("{FAE04EC0-301F-11D3-BF4B-00C04F79EFBC}") = "ClassExercise", "ClassExercise\ClassExercise.csproj", "{3C0448BE-3D71-461E-A20A-C17CE164B4FD}"
EndProject
Project("{FAE04EC0-301F-11D3-BF4B-00C04F79EFBC}") = "Exercise2", "Exercise2\Exercise2.csproj", "{BC81C2BC-9702-4BCC-A9EA-C63E0EFA148C}"
EndProject
Project("{FAE04EC0-301F-11D3-BF4B-00C04F79EFBC}") = "ConsoleApp1", "ConsoleApp1\ConsoleApp1.csproj", "{93733D80-5111-4774-AFBD-B5DB4D00F640}"
EndProject
Global
	GlobalSection(SolutionConfigurationPlatforms) = preSolution
		Debug|Any CPU = Debug|Any CPU
		Release|Any CPU = Release|Any CPU
	EndGlobalSection
	GlobalSection(ProjectConfigurationPlatforms) = postSolution
		{3C0448BE-3D71-461E-A20A-C17CE164B4FD}.Debug|Any CPU.ActiveCfg = Debug|Any CPU
		{3C0448BE-3D71-461E-A20A-C17CE164B4FD}.Debug|Any CPU.Build.0 = Debug|Any CPU
		{3C0448BE-3D71-461E-A20A-C17CE164B4FD}.Release|Any CPU.ActiveCfg = Release|Any CPU
		{3C0448BE-3D71-461E-A20A-C17CE164B4FD}.Release|Any CPU.Build.0 = Release|Any CPU
		{BC81C2BC-9702-4BCC-A9EA-C63E0EFA148C}.Debug|Any CPU.ActiveCfg = Debug|Any CPU
		{BC81C2BC-9702-4BCC-A9EA-C63E0EFA148C}.Debug|Any CPU.Build.0 = Debug|Any CPU
		{BC81C2BC-9702-4BCC-A9EA-C63E0EFA148C}.Release|Any CPU.ActiveCfg = Release|Any CPU
		{BC81C2BC-9702-4BCC-A9EA-C63E0EFA148C}.Release|Any CPU.Build.0 = Release|Any CPU
		{93733D80-5111-4774-AFBD-B5DB4D00F640}.Debug|Any CPU.ActiveCfg = Debug|Any CPU
		{93733D80-5111-4774-AFBD-B5DB4D00F640}.Debug|Any CPU.Build.0 = Debug|Any CPU
		{93733D80-5111-4774-AFBD-B5DB4D00F640}.Release|Any CPU.ActiveCfg = Release|Any CPU
		{93733D80-5111-4774-AFBD-B5DB4D00F640}.Release|Any CPU.Build.0 = Release|Any CPU
	EndGlobalSection
	GlobalSection(SolutionProperties) = preSolution
		HideSolutionNode = FALSE
	EndGlobalSection
	GlobalSection(ExtensibilityGlobals) = postSolution
		SolutionGuid = {3FA185AE-9BED-4D47-80FE-3F52C58BC639}
	EndGlobalSection
EndGlobal
